
Microsoft Visual Studio Solution File, Format Version 12.00
# Visual Studio Version 17
VisualStudioVersion = 17.14.36623.8
MinimumVisualStudioVersion = 10.0.40219.1
Project("{FAE04EC0-301F-11D3-BF4B-00C04F79EFBC}") = "HotelListing.App.Api", "HotelListing.Api\HotelListing.App.Api.csproj", "{59924B45-308C-4481-8C21-14F4C5246F47}"
EndProject
Project("{FAE04EC0-301F-11D3-BF4B-00C04F79EFBC}") = "HotelListing.App.Application", "HotelListing.Application\HotelListing.App.Application.csproj", "{816140BF-F3D3-4098-8BCE-84E0F5BC14D3}"
EndProject
Project("{FAE04EC0-301F-11D3-BF4B-00C04F79EFBC}") = "HotelListing.App.Domain", "HotelListing.Domain\HotelListing.App.Domain.csproj", "{D7010BBF-20FE-46FA-B4CA-706AF00065E6}"
EndProject
Project("{FAE04EC0-301F-11D3-BF4B-00C04F79EFBC}") = "HotelListing.App.Common", "HotelListing.Common\HotelListing.App.Common.csproj", "{8A1122B2-7DE4-48D4-B696-A40075F3336A}"
EndProject
Project("{FAE04EC0-301F-11D3-BF4B-00C04F79EFBC}") = "HotelListing.App.BlazorUI", "HotelListing.App.BlazorUI\HotelListing.App.BlazorUI.csproj", "{34F0AC54-A6FD-49A0-ADAB-B06486DE2765}"
EndProject
Global
	GlobalSection(SolutionConfigurationPlatforms) = preSolution
		Debug|Any CPU = Debug|Any CPU
		Release|Any CPU = Release|Any CPU
	EndGlobalSection
	GlobalSection(ProjectConfigurationPlatforms) = postSolution
		{59924B45-308C-4481-8C21-14F4C5246F47}.Debug|Any CPU.ActiveCfg = Debug|Any CPU
		{59924B45-308C-4481-8C21-14F4C5246F47}.Debug|Any CPU.Build.0 = Debug|Any CPU
		{59924B45-308C-4481-8C21-14F4C5246F47}.Release|Any CPU.ActiveCfg = Release|Any CPU
		{59924B45-308C-4481-8C21-14F4C5246F47}.Release|Any CPU.Build.0 = Release|Any CPU
		{816140BF-F3D3-4098-8BCE-84E0F5BC14D3}.Debug|Any CPU.ActiveCfg = Debug|Any CPU
		{816140BF-F3D3-4098-8BCE-84E0F5BC14D3}.Debug|Any CPU.Build.0 = Debug|Any CPU
		{816140BF-F3D3-4098-8BCE-84E0F5BC14D3}.Release|Any CPU.ActiveCfg = Release|Any CPU
		{816140BF-F3D3-4098-8BCE-84E0F5BC14D3}.Release|Any CPU.Build.0 = Release|Any CPU
		{D7010BBF-20FE-46FA-B4CA-706AF00065E6}.Debug|Any CPU.ActiveCfg = Debug|Any CPU
		{D7010BBF-20FE-46FA-B4CA-706AF00065E6}.Debug|Any CPU.Build.0 = Debug|Any CPU
		{D7010BBF-20FE-46FA-B4CA-706AF00065E6}.Release|Any CPU.ActiveCfg = Release|Any CPU
		{D7010BBF-20FE-46FA-B4CA-706AF00065E6}.Release|Any CPU.Build.0 = Release|Any CPU
		{8A1122B2-7DE4-48D4-B696-A40075F3336A}.Debug|Any CPU.ActiveCfg = Debug|Any CPU
		{8A1122B2-7DE4-48D4-B696-A40075F3336A}.Debug|Any CPU.Build.0 = Debug|Any CPU
		{8A1122B2-7DE4-48D4-B696-A40075F3336A}.Release|Any CPU.ActiveCfg = Release|Any CPU
		{8A1122B2-7DE4-48D4-B696-A40075F3336A}.Release|Any CPU.Build.0 = Release|Any CPU
		{34F0AC54-A6FD-49A0-ADAB-B06486DE2765}.Debug|Any CPU.ActiveCfg = Debug|Any CPU
		{34F0AC54-A6FD-49A0-ADAB-B06486DE2765}.Debug|Any CPU.Build.0 = Debug|Any CPU
		{34F0AC54-A6FD-49A0-ADAB-B06486DE2765}.Release|Any CPU.ActiveCfg = Release|Any CPU
		{34F0AC54-A6FD-49A0-ADAB-B06486DE2765}.Release|Any CPU.Build.0 = Release|Any CPU
	EndGlobalSection
	GlobalSection(SolutionProperties) = preSolution
		HideSolutionNode = FALSE
	EndGlobalSection
	GlobalSection(ExtensibilityGlobals) = postSolution
		SolutionGuid = {46C037CD-7EFD-45F5-93A1-CD0D7BE4A4D7}
	EndGlobalSection
EndGlobal
